// !$*UTF8*$!
{
	archiveVersion = 1;
	classes = {
	};
	objectVersion = 46;
	objects = {

/* Begin PBXBuildFile section */
		3EF208523C18F4F4D282C446 /* Pods_Compassion.framework in Frameworks */ = {isa = PBXBuildFile; fileRef = DDE0453468536B334D8BC308 /* Pods_Compassion.framework */; };
		5C0CAF811F8F34AC00327E2F /* DashBoardViewController.swift in Sources */ = {isa = PBXBuildFile; fileRef = 5C0CAF801F8F34AC00327E2F /* DashBoardViewController.swift */; };
		5C47F6EA1F9110DE00F0A468 /* MyLifeTableViewCell.swift in Sources */ = {isa = PBXBuildFile; fileRef = 5C47F6E81F9110DE00F0A468 /* MyLifeTableViewCell.swift */; };
		5C47F6EB1F9110DE00F0A468 /* MyLifeTableViewCell.xib in Resources */ = {isa = PBXBuildFile; fileRef = 5C47F6E91F9110DE00F0A468 /* MyLifeTableViewCell.xib */; };
		5C5B796D1F926BF400642212 /* PagerTabIconCell.swift in Sources */ = {isa = PBXBuildFile; fileRef = 5C5B796B1F926BF400642212 /* PagerTabIconCell.swift */; };
		5C5B796E1F926BF400642212 /* PagerTabIconCell.xib in Resources */ = {isa = PBXBuildFile; fileRef = 5C5B796C1F926BF400642212 /* PagerTabIconCell.xib */; };
		5C82A56B1F90BC4A0016D669 /* MyPhotosViewController.swift in Sources */ = {isa = PBXBuildFile; fileRef = 5C82A56A1F90BC4A0016D669 /* MyPhotosViewController.swift */; };
		5C8F899F1F8F411D00EA4F93 /* ESTabBar.swift in Sources */ = {isa = PBXBuildFile; fileRef = 5C8F89981F8F411D00EA4F93 /* ESTabBar.swift */; };
		5C8F89A01F8F411D00EA4F93 /* ESTabBarController.swift in Sources */ = {isa = PBXBuildFile; fileRef = 5C8F89991F8F411D00EA4F93 /* ESTabBarController.swift */; };
		5C8F89A11F8F411D00EA4F93 /* ESTabBarItem.swift in Sources */ = {isa = PBXBuildFile; fileRef = 5C8F899A1F8F411D00EA4F93 /* ESTabBarItem.swift */; };
		5C8F89A21F8F411D00EA4F93 /* ESTabBarItemBadgeView.swift in Sources */ = {isa = PBXBuildFile; fileRef = 5C8F899B1F8F411D00EA4F93 /* ESTabBarItemBadgeView.swift */; };
		5C8F89A31F8F411D00EA4F93 /* ESTabBarItemContainer.swift in Sources */ = {isa = PBXBuildFile; fileRef = 5C8F899C1F8F411D00EA4F93 /* ESTabBarItemContainer.swift */; };
		5C8F89A41F8F411D00EA4F93 /* ESTabBarItemContentView.swift in Sources */ = {isa = PBXBuildFile; fileRef = 5C8F899D1F8F411D00EA4F93 /* ESTabBarItemContentView.swift */; };
		5C8F89A51F8F411D00EA4F93 /* ESTabBarItemMoreContentView.swift in Sources */ = {isa = PBXBuildFile; fileRef = 5C8F899E1F8F411D00EA4F93 /* ESTabBarItemMoreContentView.swift */; };
		5C8F89A71F8F442B00EA4F93 /* HomeViewController.swift in Sources */ = {isa = PBXBuildFile; fileRef = 5C8F89A61F8F442B00EA4F93 /* HomeViewController.swift */; };
		5C8F89A91F8F444100EA4F93 /* AboutMeViewController.swift in Sources */ = {isa = PBXBuildFile; fileRef = 5C8F89A81F8F444100EA4F93 /* AboutMeViewController.swift */; };
		5C8F89AB1F8F445B00EA4F93 /* MyProjectViewController.swift in Sources */ = {isa = PBXBuildFile; fileRef = 5C8F89AA1F8F445B00EA4F93 /* MyProjectViewController.swift */; };
		5C8F89AD1F8F447C00EA4F93 /* MyCommunityViewController.swift in Sources */ = {isa = PBXBuildFile; fileRef = 5C8F89AC1F8F447C00EA4F93 /* MyCommunityViewController.swift */; };
		5C8F89B01F8F463E00EA4F93 /* ExampleBasicContentView.swift in Sources */ = {isa = PBXBuildFile; fileRef = 5C8F89AE1F8F463E00EA4F93 /* ExampleBasicContentView.swift */; };
		5C8F89B11F8F463E00EA4F93 /* ExampleIrregularityContentView.swift in Sources */ = {isa = PBXBuildFile; fileRef = 5C8F89AF1F8F463E00EA4F93 /* ExampleIrregularityContentView.swift */; };
		5C8F89B41F8F472100EA4F93 /* pop.framework in Frameworks */ = {isa = PBXBuildFile; fileRef = 5C8F89B31F8F472100EA4F93 /* pop.framework */; };
		5C8F89DA1F8F498500EA4F93 /* ExampleBouncesContentView.swift in Sources */ = {isa = PBXBuildFile; fileRef = 5C8F89D91F8F498500EA4F93 /* ExampleBouncesContentView.swift */; };
		5C8F89DB1F8F4A3500EA4F93 /* pop.framework in Frameworks */ = {isa = PBXBuildFile; fileRef = 5C8F89B31F8F472100EA4F93 /* pop.framework */; };
		5C8F89DC1F8F4A3500EA4F93 /* pop.framework in Embed Frameworks */ = {isa = PBXBuildFile; fileRef = 5C8F89B31F8F472100EA4F93 /* pop.framework */; settings = {ATTRIBUTES = (CodeSignOnCopy, RemoveHeadersOnCopy, ); }; };
		5C8F89DF1F8F649100EA4F93 /* AnimatedViewController.swift in Sources */ = {isa = PBXBuildFile; fileRef = 5C8F89DE1F8F649100EA4F93 /* AnimatedViewController.swift */; };
		5C8F89E11F8FCDE200EA4F93 /* ChildCollectionViewCell.swift in Sources */ = {isa = PBXBuildFile; fileRef = 5C8F89E01F8FCDE200EA4F93 /* ChildCollectionViewCell.swift */; };
		5CA30C321F8DD9B700BB6E68 /* AppDelegate.swift in Sources */ = {isa = PBXBuildFile; fileRef = 5CA30C311F8DD9B700BB6E68 /* AppDelegate.swift */; };
		5CA30C341F8DD9B700BB6E68 /* ViewController.swift in Sources */ = {isa = PBXBuildFile; fileRef = 5CA30C331F8DD9B700BB6E68 /* ViewController.swift */; };
		5CA30C371F8DD9B700BB6E68 /* Main.storyboard in Resources */ = {isa = PBXBuildFile; fileRef = 5CA30C351F8DD9B700BB6E68 /* Main.storyboard */; };
		5CA30C391F8DD9B700BB6E68 /* Assets.xcassets in Resources */ = {isa = PBXBuildFile; fileRef = 5CA30C381F8DD9B700BB6E68 /* Assets.xcassets */; };
		5CA30C3C1F8DD9B700BB6E68 /* LaunchScreen.storyboard in Resources */ = {isa = PBXBuildFile; fileRef = 5CA30C3A1F8DD9B700BB6E68 /* LaunchScreen.storyboard */; };
		5CA30C441F8DEDCE00BB6E68 /* Extension.swift in Sources */ = {isa = PBXBuildFile; fileRef = 5CA30C431F8DEDCE00BB6E68 /* Extension.swift */; };
		5CA30C491F8DF5F100BB6E68 /* LoginViewController.swift in Sources */ = {isa = PBXBuildFile; fileRef = 5CA30C481F8DF5F100BB6E68 /* LoginViewController.swift */; };
		5CDDB3A91F94FDA500F89D62 /* AboutMeContainerViewController.swift in Sources */ = {isa = PBXBuildFile; fileRef = 5CDDB3A81F94FDA500F89D62 /* AboutMeContainerViewController.swift */; };
		5CDDB3AB1F94FFB600F89D62 /* AboutMeHeaderView.xib in Resources */ = {isa = PBXBuildFile; fileRef = 5CDDB3AA1F94FFB600F89D62 /* AboutMeHeaderView.xib */; };
		5CDDB3AD1F95023500F89D62 /* AboutMeHeaderView.swift in Sources */ = {isa = PBXBuildFile; fileRef = 5CDDB3AC1F95023500F89D62 /* AboutMeHeaderView.swift */; };
		5CDDB3B41F95253B00F89D62 /* ScrollPager.swift in Sources */ = {isa = PBXBuildFile; fileRef = 5CDDB3B31F95253B00F89D62 /* ScrollPager.swift */; };
		5CDDB3B61F95BF2D00F89D62 /* TestView.swift in Sources */ = {isa = PBXBuildFile; fileRef = 5CDDB3B51F95BF2D00F89D62 /* TestView.swift */; };
		5CDDB3B81F95BF3A00F89D62 /* View.xib in Resources */ = {isa = PBXBuildFile; fileRef = 5CDDB3B71F95BF3A00F89D62 /* View.xib */; };
		5CDDB3BB1F95C55100F89D62 /* MyLifeHeaderTableViewCell.swift in Sources */ = {isa = PBXBuildFile; fileRef = 5CDDB3B91F95C55100F89D62 /* MyLifeHeaderTableViewCell.swift */; };
		5CDDB3BC1F95C55100F89D62 /* MyLifeHeaderTableViewCell.xib in Resources */ = {isa = PBXBuildFile; fileRef = 5CDDB3BA1F95C55100F89D62 /* MyLifeHeaderTableViewCell.xib */; };
/* End PBXBuildFile section */

/* Begin PBXCopyFilesBuildPhase section */
		5C8F89DD1F8F4A3500EA4F93 /* Embed Frameworks */ = {
			isa = PBXCopyFilesBuildPhase;
			buildActionMask = 2147483647;
			dstPath = "";
			dstSubfolderSpec = 10;
			files = (
				5C8F89DC1F8F4A3500EA4F93 /* pop.framework in Embed Frameworks */,
			);
			name = "Embed Frameworks";
			runOnlyForDeploymentPostprocessing = 0;
		};
/* End PBXCopyFilesBuildPhase section */

/* Begin PBXFileReference section */
		2097B5BD97DD94E10ADCF181 /* Pods-Compassion.debug.xcconfig */ = {isa = PBXFileReference; includeInIndex = 1; lastKnownFileType = text.xcconfig; name = "Pods-Compassion.debug.xcconfig"; path = "Pods/Target Support Files/Pods-Compassion/Pods-Compassion.debug.xcconfig"; sourceTree = "<group>"; };
		5C0CAF801F8F34AC00327E2F /* DashBoardViewController.swift */ = {isa = PBXFileReference; fileEncoding = 4; lastKnownFileType = sourcecode.swift; path = DashBoardViewController.swift; sourceTree = "<group>"; };
		5C47F6E81F9110DE00F0A468 /* MyLifeTableViewCell.swift */ = {isa = PBXFileReference; fileEncoding = 4; lastKnownFileType = sourcecode.swift; path = MyLifeTableViewCell.swift; sourceTree = "<group>"; };
		5C47F6E91F9110DE00F0A468 /* MyLifeTableViewCell.xib */ = {isa = PBXFileReference; fileEncoding = 4; lastKnownFileType = file.xib; path = MyLifeTableViewCell.xib; sourceTree = "<group>"; };
		5C5B796B1F926BF400642212 /* PagerTabIconCell.swift */ = {isa = PBXFileReference; fileEncoding = 4; lastKnownFileType = sourcecode.swift; path = PagerTabIconCell.swift; sourceTree = "<group>"; };
		5C5B796C1F926BF400642212 /* PagerTabIconCell.xib */ = {isa = PBXFileReference; fileEncoding = 4; lastKnownFileType = file.xib; path = PagerTabIconCell.xib; sourceTree = "<group>"; };
		5C82A56A1F90BC4A0016D669 /* MyPhotosViewController.swift */ = {isa = PBXFileReference; fileEncoding = 4; lastKnownFileType = sourcecode.swift; path = MyPhotosViewController.swift; sourceTree = "<group>"; };
		5C8F89981F8F411D00EA4F93 /* ESTabBar.swift */ = {isa = PBXFileReference; fileEncoding = 4; lastKnownFileType = sourcecode.swift; path = ESTabBar.swift; sourceTree = "<group>"; };
		5C8F89991F8F411D00EA4F93 /* ESTabBarController.swift */ = {isa = PBXFileReference; fileEncoding = 4; lastKnownFileType = sourcecode.swift; path = ESTabBarController.swift; sourceTree = "<group>"; };
		5C8F899A1F8F411D00EA4F93 /* ESTabBarItem.swift */ = {isa = PBXFileReference; fileEncoding = 4; lastKnownFileType = sourcecode.swift; path = ESTabBarItem.swift; sourceTree = "<group>"; };
		5C8F899B1F8F411D00EA4F93 /* ESTabBarItemBadgeView.swift */ = {isa = PBXFileReference; fileEncoding = 4; lastKnownFileType = sourcecode.swift; path = ESTabBarItemBadgeView.swift; sourceTree = "<group>"; };
		5C8F899C1F8F411D00EA4F93 /* ESTabBarItemContainer.swift */ = {isa = PBXFileReference; fileEncoding = 4; lastKnownFileType = sourcecode.swift; path = ESTabBarItemContainer.swift; sourceTree = "<group>"; };
		5C8F899D1F8F411D00EA4F93 /* ESTabBarItemContentView.swift */ = {isa = PBXFileReference; fileEncoding = 4; lastKnownFileType = sourcecode.swift; path = ESTabBarItemContentView.swift; sourceTree = "<group>"; };
		5C8F899E1F8F411D00EA4F93 /* ESTabBarItemMoreContentView.swift */ = {isa = PBXFileReference; fileEncoding = 4; lastKnownFileType = sourcecode.swift; path = ESTabBarItemMoreContentView.swift; sourceTree = "<group>"; };
		5C8F89A61F8F442B00EA4F93 /* HomeViewController.swift */ = {isa = PBXFileReference; fileEncoding = 4; lastKnownFileType = sourcecode.swift; path = HomeViewController.swift; sourceTree = "<group>"; };
		5C8F89A81F8F444100EA4F93 /* AboutMeViewController.swift */ = {isa = PBXFileReference; fileEncoding = 4; lastKnownFileType = sourcecode.swift; path = AboutMeViewController.swift; sourceTree = "<group>"; };
		5C8F89AA1F8F445B00EA4F93 /* MyProjectViewController.swift */ = {isa = PBXFileReference; fileEncoding = 4; lastKnownFileType = sourcecode.swift; path = MyProjectViewController.swift; sourceTree = "<group>"; };
		5C8F89AC1F8F447C00EA4F93 /* MyCommunityViewController.swift */ = {isa = PBXFileReference; fileEncoding = 4; lastKnownFileType = sourcecode.swift; path = MyCommunityViewController.swift; sourceTree = "<group>"; };
		5C8F89AE1F8F463E00EA4F93 /* ExampleBasicContentView.swift */ = {isa = PBXFileReference; fileEncoding = 4; lastKnownFileType = sourcecode.swift; path = ExampleBasicContentView.swift; sourceTree = "<group>"; };
		5C8F89AF1F8F463E00EA4F93 /* ExampleIrregularityContentView.swift */ = {isa = PBXFileReference; fileEncoding = 4; lastKnownFileType = sourcecode.swift; path = ExampleIrregularityContentView.swift; sourceTree = "<group>"; };
		5C8F89B31F8F472100EA4F93 /* pop.framework */ = {isa = PBXFileReference; lastKnownFileType = wrapper.framework; path = pop.framework; sourceTree = "<group>"; };
		5C8F89D91F8F498500EA4F93 /* ExampleBouncesContentView.swift */ = {isa = PBXFileReference; fileEncoding = 4; lastKnownFileType = sourcecode.swift; path = ExampleBouncesContentView.swift; sourceTree = "<group>"; };
		5C8F89DE1F8F649100EA4F93 /* AnimatedViewController.swift */ = {isa = PBXFileReference; fileEncoding = 4; lastKnownFileType = sourcecode.swift; path = AnimatedViewController.swift; sourceTree = "<group>"; };
		5C8F89E01F8FCDE200EA4F93 /* ChildCollectionViewCell.swift */ = {isa = PBXFileReference; fileEncoding = 4; lastKnownFileType = sourcecode.swift; path = ChildCollectionViewCell.swift; sourceTree = "<group>"; };
		5CA30C2E1F8DD9B700BB6E68 /* Compassion.app */ = {isa = PBXFileReference; explicitFileType = wrapper.application; includeInIndex = 0; path = Compassion.app; sourceTree = BUILT_PRODUCTS_DIR; };
		5CA30C311F8DD9B700BB6E68 /* AppDelegate.swift */ = {isa = PBXFileReference; lastKnownFileType = sourcecode.swift; path = AppDelegate.swift; sourceTree = "<group>"; };
		5CA30C331F8DD9B700BB6E68 /* ViewController.swift */ = {isa = PBXFileReference; lastKnownFileType = sourcecode.swift; path = ViewController.swift; sourceTree = "<group>"; };
		5CA30C361F8DD9B700BB6E68 /* Base */ = {isa = PBXFileReference; lastKnownFileType = file.storyboard; name = Base; path = Base.lproj/Main.storyboard; sourceTree = "<group>"; };
		5CA30C381F8DD9B700BB6E68 /* Assets.xcassets */ = {isa = PBXFileReference; lastKnownFileType = folder.assetcatalog; path = Assets.xcassets; sourceTree = "<group>"; };
		5CA30C3B1F8DD9B700BB6E68 /* Base */ = {isa = PBXFileReference; lastKnownFileType = file.storyboard; name = Base; path = Base.lproj/LaunchScreen.storyboard; sourceTree = "<group>"; };
		5CA30C3D1F8DD9B700BB6E68 /* Info.plist */ = {isa = PBXFileReference; lastKnownFileType = text.plist.xml; path = Info.plist; sourceTree = "<group>"; };
		5CA30C431F8DEDCE00BB6E68 /* Extension.swift */ = {isa = PBXFileReference; fileEncoding = 4; lastKnownFileType = sourcecode.swift; path = Extension.swift; sourceTree = "<group>"; };
		5CA30C481F8DF5F100BB6E68 /* LoginViewController.swift */ = {isa = PBXFileReference; fileEncoding = 4; lastKnownFileType = sourcecode.swift; path = LoginViewController.swift; sourceTree = "<group>"; };
		5CDDB3A81F94FDA500F89D62 /* AboutMeContainerViewController.swift */ = {isa = PBXFileReference; fileEncoding = 4; lastKnownFileType = sourcecode.swift; path = AboutMeContainerViewController.swift; sourceTree = "<group>"; };
		5CDDB3AA1F94FFB600F89D62 /* AboutMeHeaderView.xib */ = {isa = PBXFileReference; fileEncoding = 4; lastKnownFileType = file.xib; path = AboutMeHeaderView.xib; sourceTree = "<group>"; };
		5CDDB3AC1F95023500F89D62 /* AboutMeHeaderView.swift */ = {isa = PBXFileReference; fileEncoding = 4; lastKnownFileType = sourcecode.swift; path = AboutMeHeaderView.swift; sourceTree = "<group>"; };
		5CDDB3B31F95253B00F89D62 /* ScrollPager.swift */ = {isa = PBXFileReference; fileEncoding = 4; lastKnownFileType = sourcecode.swift; path = ScrollPager.swift; sourceTree = "<group>"; };
		5CDDB3B51F95BF2D00F89D62 /* TestView.swift */ = {isa = PBXFileReference; fileEncoding = 4; lastKnownFileType = sourcecode.swift; path = TestView.swift; sourceTree = "<group>"; };
		5CDDB3B71F95BF3A00F89D62 /* View.xib */ = {isa = PBXFileReference; fileEncoding = 4; lastKnownFileType = file.xib; path = View.xib; sourceTree = "<group>"; };
		5CDDB3B91F95C55100F89D62 /* MyLifeHeaderTableViewCell.swift */ = {isa = PBXFileReference; fileEncoding = 4; lastKnownFileType = sourcecode.swift; path = MyLifeHeaderTableViewCell.swift; sourceTree = "<group>"; };
		5CDDB3BA1F95C55100F89D62 /* MyLifeHeaderTableViewCell.xib */ = {isa = PBXFileReference; fileEncoding = 4; lastKnownFileType = file.xib; path = MyLifeHeaderTableViewCell.xib; sourceTree = "<group>"; };
		612FAB000C82CCEF10156EEA /* Pods-Compassion.release.xcconfig */ = {isa = PBXFileReference; includeInIndex = 1; lastKnownFileType = text.xcconfig; name = "Pods-Compassion.release.xcconfig"; path = "Pods/Target Support Files/Pods-Compassion/Pods-Compassion.release.xcconfig"; sourceTree = "<group>"; };
		DDE0453468536B334D8BC308 /* Pods_Compassion.framework */ = {isa = PBXFileReference; explicitFileType = wrapper.framework; includeInIndex = 0; path = Pods_Compassion.framework; sourceTree = BUILT_PRODUCTS_DIR; };
/* End PBXFileReference section */

/* Begin PBXFrameworksBuildPhase section */
		5CA30C2B1F8DD9B700BB6E68 /* Frameworks */ = {
			isa = PBXFrameworksBuildPhase;
			buildActionMask = 2147483647;
			files = (
				5C8F89DB1F8F4A3500EA4F93 /* pop.framework in Frameworks */,
				5C8F89B41F8F472100EA4F93 /* pop.framework in Frameworks */,
				3EF208523C18F4F4D282C446 /* Pods_Compassion.framework in Frameworks */,
			);
			runOnlyForDeploymentPostprocessing = 0;
		};
/* End PBXFrameworksBuildPhase section */

/* Begin PBXGroup section */
		2DF0258F2471586D392EE77F /* Frameworks */ = {
			isa = PBXGroup;
			children = (
				DDE0453468536B334D8BC308 /* Pods_Compassion.framework */,
			);
			name = Frameworks;
			sourceTree = "<group>";
		};
		5C47F6E71F9110B600F0A468 /* xib */ = {
			isa = PBXGroup;
			children = (
				5C47F6E81F9110DE00F0A468 /* MyLifeTableViewCell.swift */,
				5C47F6E91F9110DE00F0A468 /* MyLifeTableViewCell.xib */,
				5CDDB3B91F95C55100F89D62 /* MyLifeHeaderTableViewCell.swift */,
				5CDDB3BA1F95C55100F89D62 /* MyLifeHeaderTableViewCell.xib */,
				5C5B796B1F926BF400642212 /* PagerTabIconCell.swift */,
				5C5B796C1F926BF400642212 /* PagerTabIconCell.xib */,
				5CDDB3AC1F95023500F89D62 /* AboutMeHeaderView.swift */,
				5CDDB3AA1F94FFB600F89D62 /* AboutMeHeaderView.xib */,
				5CDDB3B51F95BF2D00F89D62 /* TestView.swift */,
				5CDDB3B71F95BF3A00F89D62 /* View.xib */,
			);
			name = xib;
			sourceTree = "<group>";
		};
		5C8F89961F8F40C800EA4F93 /* ThirdParty */ = {
			isa = PBXGroup;
			children = (
				5CDDB3B21F95252D00F89D62 /* Pager */,
				5C8F89971F8F40FE00EA4F93 /* CustomTabBar */,
			);
			name = ThirdParty;
			sourceTree = "<group>";
		};
		5C8F89971F8F40FE00EA4F93 /* CustomTabBar */ = {
			isa = PBXGroup;
			children = (
				5C8F89981F8F411D00EA4F93 /* ESTabBar.swift */,
				5C8F89991F8F411D00EA4F93 /* ESTabBarController.swift */,
				5C8F899A1F8F411D00EA4F93 /* ESTabBarItem.swift */,
				5C8F899B1F8F411D00EA4F93 /* ESTabBarItemBadgeView.swift */,
				5C8F899C1F8F411D00EA4F93 /* ESTabBarItemContainer.swift */,
				5C8F899D1F8F411D00EA4F93 /* ESTabBarItemContentView.swift */,
				5C8F899E1F8F411D00EA4F93 /* ESTabBarItemMoreContentView.swift */,
				5C8F89AE1F8F463E00EA4F93 /* ExampleBasicContentView.swift */,
				5C8F89AF1F8F463E00EA4F93 /* ExampleIrregularityContentView.swift */,
				5C8F89D91F8F498500EA4F93 /* ExampleBouncesContentView.swift */,
			);
			name = CustomTabBar;
			sourceTree = "<group>";
		};
		5C8F89B21F8F471200EA4F93 /* Frameworks */ = {
			isa = PBXGroup;
			children = (
				5C8F89B31F8F472100EA4F93 /* pop.framework */,
			);
			name = Frameworks;
			sourceTree = "<group>";
		};
		5CA30C251F8DD9B700BB6E68 = {
			isa = PBXGroup;
			children = (
				5CA30C301F8DD9B700BB6E68 /* Compassion */,
				5CA30C2F1F8DD9B700BB6E68 /* Products */,
				9040E073930A19FC0E6E39BF /* Pods */,
				2DF0258F2471586D392EE77F /* Frameworks */,
			);
			sourceTree = "<group>";
		};
		5CA30C2F1F8DD9B700BB6E68 /* Products */ = {
			isa = PBXGroup;
			children = (
				5CA30C2E1F8DD9B700BB6E68 /* Compassion.app */,
			);
			name = Products;
			sourceTree = "<group>";
		};
		5CA30C301F8DD9B700BB6E68 /* Compassion */ = {
			isa = PBXGroup;
			children = (
				5C47F6E71F9110B600F0A468 /* xib */,
				5C8F89B21F8F471200EA4F93 /* Frameworks */,
				5C8F89961F8F40C800EA4F93 /* ThirdParty */,
				5CA30C451F8DEEB600BB6E68 /* AppDelegate */,
				5CA30C461F8DEEC600BB6E68 /* Extension */,
				5CA30C471F8DEED500BB6E68 /* ViewControllers */,
				5CA30C351F8DD9B700BB6E68 /* Main.storyboard */,
				5CA30C381F8DD9B700BB6E68 /* Assets.xcassets */,
				5CA30C3A1F8DD9B700BB6E68 /* LaunchScreen.storyboard */,
				5CA30C3D1F8DD9B700BB6E68 /* Info.plist */,
			);
			path = Compassion;
			sourceTree = "<group>";
		};
		5CA30C451F8DEEB600BB6E68 /* AppDelegate */ = {
			isa = PBXGroup;
			children = (
				5CA30C311F8DD9B700BB6E68 /* AppDelegate.swift */,
			);
			name = AppDelegate;
			sourceTree = "<group>";
		};
		5CA30C461F8DEEC600BB6E68 /* Extension */ = {
			isa = PBXGroup;
			children = (
				5CA30C431F8DEDCE00BB6E68 /* Extension.swift */,
			);
			name = Extension;
			sourceTree = "<group>";
		};
		5CA30C471F8DEED500BB6E68 /* ViewControllers */ = {
			isa = PBXGroup;
			children = (
				5CA30C331F8DD9B700BB6E68 /* ViewController.swift */,
				5CA30C481F8DF5F100BB6E68 /* LoginViewController.swift */,
				5C0CAF801F8F34AC00327E2F /* DashBoardViewController.swift */,
				5C8F89A61F8F442B00EA4F93 /* HomeViewController.swift */,
				5C8F89A81F8F444100EA4F93 /* AboutMeViewController.swift */,
				5C8F89AA1F8F445B00EA4F93 /* MyProjectViewController.swift */,
				5C8F89AC1F8F447C00EA4F93 /* MyCommunityViewController.swift */,
				5C8F89DE1F8F649100EA4F93 /* AnimatedViewController.swift */,
				5C8F89E01F8FCDE200EA4F93 /* ChildCollectionViewCell.swift */,
				5C82A56A1F90BC4A0016D669 /* MyPhotosViewController.swift */,
				5CDDB3A81F94FDA500F89D62 /* AboutMeContainerViewController.swift */,
			);
			name = ViewControllers;
			sourceTree = "<group>";
		};
		5CDDB3B21F95252D00F89D62 /* Pager */ = {
			isa = PBXGroup;
			children = (
				5CDDB3B31F95253B00F89D62 /* ScrollPager.swift */,
			);
			name = Pager;
			sourceTree = "<group>";
		};
		9040E073930A19FC0E6E39BF /* Pods */ = {
			isa = PBXGroup;
			children = (
				2097B5BD97DD94E10ADCF181 /* Pods-Compassion.debug.xcconfig */,
				612FAB000C82CCEF10156EEA /* Pods-Compassion.release.xcconfig */,
			);
			name = Pods;
			sourceTree = "<group>";
		};
/* End PBXGroup section */

/* Begin PBXNativeTarget section */
		5CA30C2D1F8DD9B700BB6E68 /* Compassion */ = {
			isa = PBXNativeTarget;
			buildConfigurationList = 5CA30C401F8DD9B700BB6E68 /* Build configuration list for PBXNativeTarget "Compassion" */;
			buildPhases = (
				725A6B73E7CFB79685D1BFE4 /* [CP] Check Pods Manifest.lock */,
				5CA30C2A1F8DD9B700BB6E68 /* Sources */,
				5CA30C2B1F8DD9B700BB6E68 /* Frameworks */,
				5CA30C2C1F8DD9B700BB6E68 /* Resources */,
				5C8F89DD1F8F4A3500EA4F93 /* Embed Frameworks */,
				544CBDD4F83E9AE09E3C2301 /* [CP] Embed Pods Frameworks */,
				E4266359E7B1F36B460D681F /* [CP] Copy Pods Resources */,
			);
			buildRules = (
			);
			dependencies = (
			);
			name = Compassion;
			productName = Compassion;
			productReference = 5CA30C2E1F8DD9B700BB6E68 /* Compassion.app */;
			productType = "com.apple.product-type.application";
		};
/* End PBXNativeTarget section */

/* Begin PBXProject section */
		5CA30C261F8DD9B700BB6E68 /* Project object */ = {
			isa = PBXProject;
			attributes = {
				LastSwiftUpdateCheck = 0830;
				LastUpgradeCheck = 0830;
				ORGANIZATIONNAME = "Sachin Amrale";
				TargetAttributes = {
					5CA30C2D1F8DD9B700BB6E68 = {
						CreatedOnToolsVersion = 8.3.2;
						DevelopmentTeam = BTT36DS6LY;
						ProvisioningStyle = Automatic;
					};
				};
			};
			buildConfigurationList = 5CA30C291F8DD9B700BB6E68 /* Build configuration list for PBXProject "Compassion" */;
			compatibilityVersion = "Xcode 3.2";
			developmentRegion = English;
			hasScannedForEncodings = 0;
			knownRegions = (
				en,
				Base,
			);
			mainGroup = 5CA30C251F8DD9B700BB6E68;
			productRefGroup = 5CA30C2F1F8DD9B700BB6E68 /* Products */;
			projectDirPath = "";
			projectRoot = "";
			targets = (
				5CA30C2D1F8DD9B700BB6E68 /* Compassion */,
			);
		};
/* End PBXProject section */

/* Begin PBXResourcesBuildPhase section */
		5CA30C2C1F8DD9B700BB6E68 /* Resources */ = {
			isa = PBXResourcesBuildPhase;
			buildActionMask = 2147483647;
			files = (
				5CDDB3BC1F95C55100F89D62 /* MyLifeHeaderTableViewCell.xib in Resources */,
				5CDDB3B81F95BF3A00F89D62 /* View.xib in Resources */,
				5CA30C3C1F8DD9B700BB6E68 /* LaunchScreen.storyboard in Resources */,
				5C47F6EB1F9110DE00F0A468 /* MyLifeTableViewCell.xib in Resources */,
				5CA30C391F8DD9B700BB6E68 /* Assets.xcassets in Resources */,
				5CDDB3AB1F94FFB600F89D62 /* AboutMeHeaderView.xib in Resources */,
				5CA30C371F8DD9B700BB6E68 /* Main.storyboard in Resources */,
				5C5B796E1F926BF400642212 /* PagerTabIconCell.xib in Resources */,
			);
			runOnlyForDeploymentPostprocessing = 0;
		};
/* End PBXResourcesBuildPhase section */

/* Begin PBXShellScriptBuildPhase section */
		544CBDD4F83E9AE09E3C2301 /* [CP] Embed Pods Frameworks */ = {
			isa = PBXShellScriptBuildPhase;
			buildActionMask = 2147483647;
			files = (
			);
			inputPaths = (
				"${SRCROOT}/Pods/Target Support Files/Pods-Compassion/Pods-Compassion-frameworks.sh",
				"${BUILT_PRODUCTS_DIR}/HMSegmentedControl/HMSegmentedControl.framework",
				"${BUILT_PRODUCTS_DIR}/MXPagerView/MXPagerView.framework",
				"${BUILT_PRODUCTS_DIR}/MXParallaxHeader/MXParallaxHeader.framework",
				"${BUILT_PRODUCTS_DIR}/MXSegmentedPager/MXSegmentedPager.framework",
			);
			name = "[CP] Embed Pods Frameworks";
			outputPaths = (
				"${TARGET_BUILD_DIR}/${FRAMEWORKS_FOLDER_PATH}/HMSegmentedControl.framework",
				"${TARGET_BUILD_DIR}/${FRAMEWORKS_FOLDER_PATH}/MXPagerView.framework",
				"${TARGET_BUILD_DIR}/${FRAMEWORKS_FOLDER_PATH}/MXParallaxHeader.framework",
				"${TARGET_BUILD_DIR}/${FRAMEWORKS_FOLDER_PATH}/MXSegmentedPager.framework",
			);
			runOnlyForDeploymentPostprocessing = 0;
			shellPath = /bin/sh;
			shellScript = "\"${SRCROOT}/Pods/Target Support Files/Pods-Compassion/Pods-Compassion-frameworks.sh\"\n";
			showEnvVarsInLog = 0;
		};
		725A6B73E7CFB79685D1BFE4 /* [CP] Check Pods Manifest.lock */ = {
			isa = PBXShellScriptBuildPhase;
			buildActionMask = 2147483647;
			files = (
			);
			inputPaths = (
				"${PODS_PODFILE_DIR_PATH}/Podfile.lock",
				"${PODS_ROOT}/Manifest.lock",
			);
			name = "[CP] Check Pods Manifest.lock";
			outputPaths = (
				"$(DERIVED_FILE_DIR)/Pods-Compassion-checkManifestLockResult.txt",
			);
			runOnlyForDeploymentPostprocessing = 0;
			shellPath = /bin/sh;
			shellScript = "diff \"${PODS_PODFILE_DIR_PATH}/Podfile.lock\" \"${PODS_ROOT}/Manifest.lock\" > /dev/null\nif [ $? != 0 ] ; then\n    # print error to STDERR\n    echo \"error: The sandbox is not in sync with the Podfile.lock. Run 'pod install' or update your CocoaPods installation.\" >&2\n    exit 1\nfi\n# This output is used by Xcode 'outputs' to avoid re-running this script phase.\necho \"SUCCESS\" > \"${SCRIPT_OUTPUT_FILE_0}\"\n";
			showEnvVarsInLog = 0;
		};
		E4266359E7B1F36B460D681F /* [CP] Copy Pods Resources */ = {
			isa = PBXShellScriptBuildPhase;
			buildActionMask = 2147483647;
			files = (
			);
			inputPaths = (
			);
			name = "[CP] Copy Pods Resources";
			outputPaths = (
			);
			runOnlyForDeploymentPostprocessing = 0;
			shellPath = /bin/sh;
			shellScript = "\"${SRCROOT}/Pods/Target Support Files/Pods-Compassion/Pods-Compassion-resources.sh\"\n";
			showEnvVarsInLog = 0;
		};
/* End PBXShellScriptBuildPhase section */

/* Begin PBXSourcesBuildPhase section */
		5CA30C2A1F8DD9B700BB6E68 /* Sources */ = {
			isa = PBXSourcesBuildPhase;
			buildActionMask = 2147483647;
			files = (
				5CDDB3B61F95BF2D00F89D62 /* TestView.swift in Sources */,
				5CDDB3A91F94FDA500F89D62 /* AboutMeContainerViewController.swift in Sources */,
				5C8F89B11F8F463E00EA4F93 /* ExampleIrregularityContentView.swift in Sources */,
				5C8F89A11F8F411D00EA4F93 /* ESTabBarItem.swift in Sources */,
				5C8F89E11F8FCDE200EA4F93 /* ChildCollectionViewCell.swift in Sources */,
				5C0CAF811F8F34AC00327E2F /* DashBoardViewController.swift in Sources */,
				5C8F89A91F8F444100EA4F93 /* AboutMeViewController.swift in Sources */,
				5C8F89A01F8F411D00EA4F93 /* ESTabBarController.swift in Sources */,
				5C8F89AD1F8F447C00EA4F93 /* MyCommunityViewController.swift in Sources */,
				5C8F89A21F8F411D00EA4F93 /* ESTabBarItemBadgeView.swift in Sources */,
				5CDDB3AD1F95023500F89D62 /* AboutMeHeaderView.swift in Sources */,
				5C8F89A31F8F411D00EA4F93 /* ESTabBarItemContainer.swift in Sources */,
				5C47F6EA1F9110DE00F0A468 /* MyLifeTableViewCell.swift in Sources */,
				5C8F899F1F8F411D00EA4F93 /* ESTabBar.swift in Sources */,
				5CA30C491F8DF5F100BB6E68 /* LoginViewController.swift in Sources */,
				5CA30C441F8DEDCE00BB6E68 /* Extension.swift in Sources */,
				5C8F89AB1F8F445B00EA4F93 /* MyProjectViewController.swift in Sources */,
				5C5B796D1F926BF400642212 /* PagerTabIconCell.swift in Sources */,
				5C8F89DA1F8F498500EA4F93 /* ExampleBouncesContentView.swift in Sources */,
				5C8F89A51F8F411D00EA4F93 /* ESTabBarItemMoreContentView.swift in Sources */,
				5C8F89A41F8F411D00EA4F93 /* ESTabBarItemContentView.swift in Sources */,
				5C8F89B01F8F463E00EA4F93 /* ExampleBasicContentView.swift in Sources */,
				5CDDB3B41F95253B00F89D62 /* ScrollPager.swift in Sources */,
				5CA30C341F8DD9B700BB6E68 /* ViewController.swift in Sources */,
				5C8F89DF1F8F649100EA4F93 /* AnimatedViewController.swift in Sources */,
				5C82A56B1F90BC4A0016D669 /* MyPhotosViewController.swift in Sources */,
				5C8F89A71F8F442B00EA4F93 /* HomeViewController.swift in Sources */,
				5CDDB3BB1F95C55100F89D62 /* MyLifeHeaderTableViewCell.swift in Sources */,
				5CA30C321F8DD9B700BB6E68 /* AppDelegate.swift in Sources */,
			);
			runOnlyForDeploymentPostprocessing = 0;
		};
/* End PBXSourcesBuildPhase section */

/* Begin PBXVariantGroup section */
		5CA30C351F8DD9B700BB6E68 /* Main.storyboard */ = {
			isa = PBXVariantGroup;
			children = (
				5CA30C361F8DD9B700BB6E68 /* Base */,
			);
			name = Main.storyboard;
			sourceTree = "<group>";
		};
		5CA30C3A1F8DD9B700BB6E68 /* LaunchScreen.storyboard */ = {
			isa = PBXVariantGroup;
			children = (
				5CA30C3B1F8DD9B700BB6E68 /* Base */,
			);
			name = LaunchScreen.storyboard;
			sourceTree = "<group>";
		};
/* End PBXVariantGroup section */

/* Begin XCBuildConfiguration section */
		5CA30C3E1F8DD9B700BB6E68 /* Debug */ = {
			isa = XCBuildConfiguration;
			buildSettings = {
				ALWAYS_SEARCH_USER_PATHS = NO;
				CLANG_ANALYZER_NONNULL = YES;
				CLANG_ANALYZER_NUMBER_OBJECT_CONVERSION = YES_AGGRESSIVE;
				CLANG_CXX_LANGUAGE_STANDARD = "gnu++0x";
				CLANG_CXX_LIBRARY = "libc++";
				CLANG_ENABLE_MODULES = YES;
				CLANG_ENABLE_OBJC_ARC = YES;
				CLANG_WARN_BOOL_CONVERSION = YES;
				CLANG_WARN_CONSTANT_CONVERSION = YES;
				CLANG_WARN_DIRECT_OBJC_ISA_USAGE = YES_ERROR;
				CLANG_WARN_DOCUMENTATION_COMMENTS = YES;
				CLANG_WARN_EMPTY_BODY = YES;
				CLANG_WARN_ENUM_CONVERSION = YES;
				CLANG_WARN_INFINITE_RECURSION = YES;
				CLANG_WARN_INT_CONVERSION = YES;
				CLANG_WARN_OBJC_ROOT_CLASS = YES_ERROR;
				CLANG_WARN_SUSPICIOUS_MOVE = YES;
				CLANG_WARN_UNREACHABLE_CODE = YES;
				CLANG_WARN__DUPLICATE_METHOD_MATCH = YES;
				"CODE_SIGN_IDENTITY[sdk=iphoneos*]" = "iPhone Developer";
				COPY_PHASE_STRIP = NO;
				DEBUG_INFORMATION_FORMAT = dwarf;
				ENABLE_STRICT_OBJC_MSGSEND = YES;
				ENABLE_TESTABILITY = YES;
				GCC_C_LANGUAGE_STANDARD = gnu99;
				GCC_DYNAMIC_NO_PIC = NO;
				GCC_NO_COMMON_BLOCKS = YES;
				GCC_OPTIMIZATION_LEVEL = 0;
				GCC_PREPROCESSOR_DEFINITIONS = (
					"DEBUG=1",
					"$(inherited)",
				);
				GCC_WARN_64_TO_32_BIT_CONVERSION = YES;
				GCC_WARN_ABOUT_RETURN_TYPE = YES_ERROR;
				GCC_WARN_UNDECLARED_SELECTOR = YES;
				GCC_WARN_UNINITIALIZED_AUTOS = YES_AGGRESSIVE;
				GCC_WARN_UNUSED_FUNCTION = YES;
				GCC_WARN_UNUSED_VARIABLE = YES;
				IPHONEOS_DEPLOYMENT_TARGET = 10.3;
				MTL_ENABLE_DEBUG_INFO = YES;
				ONLY_ACTIVE_ARCH = YES;
				SDKROOT = iphoneos;
				SWIFT_ACTIVE_COMPILATION_CONDITIONS = DEBUG;
				SWIFT_OPTIMIZATION_LEVEL = "-Onone";
			};
			name = Debug;
		};
		5CA30C3F1F8DD9B700BB6E68 /* Release */ = {
			isa = XCBuildConfiguration;
			buildSettings = {
				ALWAYS_SEARCH_USER_PATHS = NO;
				CLANG_ANALYZER_NONNULL = YES;
				CLANG_ANALYZER_NUMBER_OBJECT_CONVERSION = YES_AGGRESSIVE;
				CLANG_CXX_LANGUAGE_STANDARD = "gnu++0x";
				CLANG_CXX_LIBRARY = "libc++";
				CLANG_ENABLE_MODULES = YES;
				CLANG_ENABLE_OBJC_ARC = YES;
				CLANG_WARN_BOOL_CONVERSION = YES;
				CLANG_WARN_CONSTANT_CONVERSION = YES;
				CLANG_WARN_DIRECT_OBJC_ISA_USAGE = YES_ERROR;
				CLANG_WARN_DOCUMENTATION_COMMENTS = YES;
				CLANG_WARN_EMPTY_BODY = YES;
				CLANG_WARN_ENUM_CONVERSION = YES;
				CLANG_WARN_INFINITE_RECURSION = YES;
				CLANG_WARN_INT_CONVERSION = YES;
				CLANG_WARN_OBJC_ROOT_CLASS = YES_ERROR;
				CLANG_WARN_SUSPICIOUS_MOVE = YES;
				CLANG_WARN_UNREACHABLE_CODE = YES;
				CLANG_WARN__DUPLICATE_METHOD_MATCH = YES;
				"CODE_SIGN_IDENTITY[sdk=iphoneos*]" = "iPhone Developer";
				COPY_PHASE_STRIP = NO;
				DEBUG_INFORMATION_FORMAT = "dwarf-with-dsym";
				ENABLE_NS_ASSERTIONS = NO;
				ENABLE_STRICT_OBJC_MSGSEND = YES;
				GCC_C_LANGUAGE_STANDARD = gnu99;
				GCC_NO_COMMON_BLOCKS = YES;
				GCC_WARN_64_TO_32_BIT_CONVERSION = YES;
				GCC_WARN_ABOUT_RETURN_TYPE = YES_ERROR;
				GCC_WARN_UNDECLARED_SELECTOR = YES;
				GCC_WARN_UNINITIALIZED_AUTOS = YES_AGGRESSIVE;
				GCC_WARN_UNUSED_FUNCTION = YES;
				GCC_WARN_UNUSED_VARIABLE = YES;
				IPHONEOS_DEPLOYMENT_TARGET = 10.3;
				MTL_ENABLE_DEBUG_INFO = NO;
				SDKROOT = iphoneos;
				SWIFT_OPTIMIZATION_LEVEL = "-Owholemodule";
				VALIDATE_PRODUCT = YES;
			};
			name = Release;
		};
		5CA30C411F8DD9B700BB6E68 /* Debug */ = {
			isa = XCBuildConfiguration;
			baseConfigurationReference = 2097B5BD97DD94E10ADCF181 /* Pods-Compassion.debug.xcconfig */;
			buildSettings = {
				ASSETCATALOG_COMPILER_APPICON_NAME = AppIcon;
				DEVELOPMENT_TEAM = BTT36DS6LY;
				FRAMEWORK_SEARCH_PATHS = (
					"$(inherited)",
					"$(PROJECT_DIR)/Compassion",
				);
				INFOPLIST_FILE = Compassion/Info.plist;
				LD_RUNPATH_SEARCH_PATHS = "$(inherited) @executable_path/Frameworks";
				PRODUCT_BUNDLE_IDENTIFIER = IDBI.Compassion;
				PRODUCT_NAME = "$(TARGET_NAME)";
				SWIFT_VERSION = 3.0;
			};
			name = Debug;
		};
		5CA30C421F8DD9B700BB6E68 /* Release */ = {
			isa = XCBuildConfiguration;
			baseConfigurationReference = 612FAB000C82CCEF10156EEA /* Pods-Compassion.release.xcconfig */;
			buildSettings = {
				ASSETCATALOG_COMPILER_APPICON_NAME = AppIcon;
				DEVELOPMENT_TEAM = BTT36DS6LY;
				FRAMEWORK_SEARCH_PATHS = (
					"$(inherited)",
					"$(PROJECT_DIR)/Compassion",
				);
				INFOPLIST_FILE = Compassion/Info.plist;
				LD_RUNPATH_SEARCH_PATHS = "$(inherited) @executable_path/Frameworks";
				PRODUCT_BUNDLE_IDENTIFIER = IDBI.Compassion;
				PRODUCT_NAME = "$(TARGET_NAME)";
				SWIFT_VERSION = 3.0;
			};
			name = Release;
		};
/* End XCBuildConfiguration section */

/* Begin XCConfigurationList section */
		5CA30C291F8DD9B700BB6E68 /* Build configuration list for PBXProject "Compassion" */ = {
			isa = XCConfigurationList;
			buildConfigurations = (
				5CA30C3E1F8DD9B700BB6E68 /* Debug */,
				5CA30C3F1F8DD9B700BB6E68 /* Release */,
			);
			defaultConfigurationIsVisible = 0;
			defaultConfigurationName = Release;
		};
		5CA30C401F8DD9B700BB6E68 /* Build configuration list for PBXNativeTarget "Compassion" */ = {
			isa = XCConfigurationList;
			buildConfigurations = (
				5CA30C411F8DD9B700BB6E68 /* Debug */,
				5CA30C421F8DD9B700BB6E68 /* Release */,
			);
			defaultConfigurationIsVisible = 0;
			defaultConfigurationName = Release;
		};
/* End XCConfigurationList section */
	};
	rootObject = 5CA30C261F8DD9B700BB6E68 /* Project object */;
}
